
Microsoft Visual Studio Solution File, Format Version 12.00
# Visual Studio Version 17
VisualStudioVersion = 17.8.34330.188
MinimumVisualStudioVersion = 10.0.40219.1
Project("{FAE04EC0-301F-11D3-BF4B-00C04F79EFBC}") = "TeraMod", "TeraMod\TeraMod.csproj", "{32CA0E57-5393-4910-9049-DAF5D09BBE0A}"
EndProject
Project("{9A19103F-16F7-4668-BE54-9A1E7A4F7556}") = "DemoMod", "DemoMod\DemoMod.csproj", "{6B27D12E-9EDA-4186-9484-31DB0A56693D}"
EndProject
Project("{9A19103F-16F7-4668-BE54-9A1E7A4F7556}") = "CobaltCoreModding.Definitions", "CobaltCoreModding.Definitions\CobaltCoreModding.Definitions.csproj", "{133AEDEA-0AFD-4034-AAA8-75CB3F32F370}"
EndProject
Global
	GlobalSection(SolutionConfigurationPlatforms) = preSolution
		Debug|Any CPU = Debug|Any CPU
		Debug|x64 = Debug|x64
		Release|Any CPU = Release|Any CPU
		Release|x64 = Release|x64
	EndGlobalSection
	GlobalSection(ProjectConfigurationPlatforms) = postSolution
		{32CA0E57-5393-4910-9049-DAF5D09BBE0A}.Debug|Any CPU.ActiveCfg = Debug|Any CPU
		{32CA0E57-5393-4910-9049-DAF5D09BBE0A}.Debug|Any CPU.Build.0 = Debug|Any CPU
		{32CA0E57-5393-4910-9049-DAF5D09BBE0A}.Debug|x64.ActiveCfg = Debug|Any CPU
		{32CA0E57-5393-4910-9049-DAF5D09BBE0A}.Debug|x64.Build.0 = Debug|Any CPU
		{32CA0E57-5393-4910-9049-DAF5D09BBE0A}.Release|Any CPU.ActiveCfg = Release|Any CPU
		{32CA0E57-5393-4910-9049-DAF5D09BBE0A}.Release|Any CPU.Build.0 = Release|Any CPU
		{32CA0E57-5393-4910-9049-DAF5D09BBE0A}.Release|x64.ActiveCfg = Release|Any CPU
		{32CA0E57-5393-4910-9049-DAF5D09BBE0A}.Release|x64.Build.0 = Release|Any CPU
		{6B27D12E-9EDA-4186-9484-31DB0A56693D}.Debug|Any CPU.ActiveCfg = Debug|Any CPU
		{6B27D12E-9EDA-4186-9484-31DB0A56693D}.Debug|Any CPU.Build.0 = Debug|Any CPU
		{6B27D12E-9EDA-4186-9484-31DB0A56693D}.Debug|x64.ActiveCfg = Debug|Any CPU
		{6B27D12E-9EDA-4186-9484-31DB0A56693D}.Debug|x64.Build.0 = Debug|Any CPU
		{6B27D12E-9EDA-4186-9484-31DB0A56693D}.Release|Any CPU.ActiveCfg = Release|Any CPU
		{6B27D12E-9EDA-4186-9484-31DB0A56693D}.Release|Any CPU.Build.0 = Release|Any CPU
		{6B27D12E-9EDA-4186-9484-31DB0A56693D}.Release|x64.ActiveCfg = Release|Any CPU
		{6B27D12E-9EDA-4186-9484-31DB0A56693D}.Release|x64.Build.0 = Release|Any CPU
		{133AEDEA-0AFD-4034-AAA8-75CB3F32F370}.Debug|Any CPU.ActiveCfg = Debug|Any CPU
		{133AEDEA-0AFD-4034-AAA8-75CB3F32F370}.Debug|Any CPU.Build.0 = Debug|Any CPU
		{133AEDEA-0AFD-4034-AAA8-75CB3F32F370}.Debug|x64.ActiveCfg = Debug|Any CPU
		{133AEDEA-0AFD-4034-AAA8-75CB3F32F370}.Debug|x64.Build.0 = Debug|Any CPU
		{133AEDEA-0AFD-4034-AAA8-75CB3F32F370}.Release|Any CPU.ActiveCfg = Release|Any CPU
		{133AEDEA-0AFD-4034-AAA8-75CB3F32F370}.Release|Any CPU.Build.0 = Release|Any CPU
		{133AEDEA-0AFD-4034-AAA8-75CB3F32F370}.Release|x64.ActiveCfg = Release|Any CPU
		{133AEDEA-0AFD-4034-AAA8-75CB3F32F370}.Release|x64.Build.0 = Release|Any CPU
	EndGlobalSection
	GlobalSection(SolutionProperties) = preSolution
		HideSolutionNode = FALSE
	EndGlobalSection
	GlobalSection(ExtensibilityGlobals) = postSolution
		SolutionGuid = {669E7C06-DFF4-4282-8D9C-E88D31187ED4}
	EndGlobalSection
EndGlobal
